lock_version: 1

engine:
  distribution: orinoco-lite
  version: "0.1.4"
  url: "https://github.com/con/orinoco-lite-dev/releases/download/v0.1.4/orinoco_lite-0.1.4-py3-none-any.whl"
  sha256: "20d155d39320ba3b1a18e37f8b65a808e7d236f9019dd49d0bbb301d49616989"

runtime:
  version: "0.1.4"
  url: "https://github.com/con/orinoco-lite-dev/releases/download/v0.1.4/orinoco-runtime-0.1.4.tar.gz"
  sha256: "db451b4ac53e0a39fde1a38796be8ce8200624dbfaf6b22c53c092cb3e180534"
  manifest_sha256: "3dc24509cd7e1d97152704f673e121f9b6e3a329f637000582ff0912e2a03311"

template:
  source: "gh:con/orinoco-lite-template"
  version: "v0.1.2"

workflow:
  repository: "con/orinoco-lite-dev"
  sha: "fc895c6f3cafc9363ed12de78659bd77f73c7f5c"
  ref: "con/orinoco-lite-dev/.github/workflows/orinoco-consumer-ci.yml@fc895c6f3cafc9363ed12de78659bd77f73c7f5c"
