lock_version: 1

engine:
  distribution: orinoco-lite
  version: "0.2.0rc9"
  url: "https://github.com/ORINOCO-Lite/orinoco-lite-dev/releases/download/v0.2.0rc9/orinoco_lite-0.2.0rc9-py3-none-any.whl"
  sha256: "3959cc98e6b7cc909909b924fdb5cddac41bee5cea60949aeb926facd5a72d7c"

runtime:
  version: "0.2.0rc9"
  url: "https://github.com/ORINOCO-Lite/orinoco-lite-dev/releases/download/v0.2.0rc9/orinoco-runtime-0.2.0rc9.tar.gz"
  sha256: "7ff8988f5710d217ec44f8618aa2332d6d0ee48c5302644992cd41bea8f236d8"
  manifest_sha256: "89df99b629211243b5a17ff2994ba58773456353733e6f0d678039a720c22ca5"

template:
  source: "gh:ORINOCO-Lite/orinoco-lite-template"
  version: "v0.2.0rc13"

workflow:
  repository: "ORINOCO-Lite/orinoco-lite-dev"
  sha: "1a320836501bac602cafc51f5fdd5c7a3cde34e3"
  ref: "ORINOCO-Lite/orinoco-lite-dev/.github/workflows/orinoco-consumer-ci.yml@1a320836501bac602cafc51f5fdd5c7a3cde34e3"
